
Microsoft Visual Studio Solution File, Format Version 12.00
# Visual Studio Version 16
VisualStudioVersion = 16.0.29609.76
MinimumVisualStudioVersion = 10.0.40219.1
Project("{FAE04EC0-301F-11D3-BF4B-00C04F79EFBC}") = "MVCDemo", "MVCDemo\MVCDemo.csproj", "{14BD3DC5-81C1-47FD-BF50-3CDE8A51CF9A}"
EndProject
Global
	GlobalSection(SolutionConfigurationPlatforms) = preSolution
		Debug|Any CPU = Debug|Any CPU
		Release|Any CPU = Release|Any CPU
	EndGlobalSection
	GlobalSection(ProjectConfigurationPlatforms) = postSolution
		{14BD3DC5-81C1-47FD-BF50-3CDE8A51CF9A}.Debug|Any CPU.ActiveCfg = Debug|Any CPU
		{14BD3DC5-81C1-47FD-BF50-3CDE8A51CF9A}.Debug|Any CPU.Build.0 = Debug|Any CPU
		{14BD3DC5-81C1-47FD-BF50-3CDE8A51CF9A}.Release|Any CPU.ActiveCfg = Release|Any CPU
		{14BD3DC5-81C1-47FD-BF50-3CDE8A51CF9A}.Release|Any CPU.Build.0 = Release|Any CPU
	EndGlobalSection
	GlobalSection(SolutionProperties) = preSolution
		HideSolutionNode = FALSE
	EndGlobalSection
	GlobalSection(ExtensibilityGlobals) = postSolution
		SolutionGuid = {EDD109EC-4FB7-42C5-94D5-CD26A61B86FC}
	EndGlobalSection
EndGlobal
